// !$*UTF8*$!
{
	archiveVersion = 1;
	classes = {
	};
	objectVersion = 50;
	objects = {

/* Begin PBXBuildFile section */
		3C3B3E8D237C98DB00E034E4 /* HelloSwift.framework in Frameworks */ = {isa = PBXBuildFile; fileRef = 3C3B3E83237C98DB00E034E4 /* HelloSwift.framework */; };
		3C3B3E92237C98DB00E034E4 /* HelloSwiftTests.swift in Sources */ = {isa = PBXBuildFile; fileRef = 3C3B3E91237C98DB00E034E4 /* HelloSwiftTests.swift */; };
		3C3B3E94237C98DB00E034E4 /* HelloSwift.h in Headers */ = {isa = PBXBuildFile; fileRef = 3C3B3E86237C98DB00E034E4 /* HelloSwift.h */; settings = {ATTRIBUTES = (Public, ); }; };
		3C3B3E9E237C990200E034E4 /* StringTools.swift in Sources */ = {isa = PBXBuildFile; fileRef = 3C3B3E9D237C990200E034E4 /* StringTools.swift */; };
		3C3B3EA0237C991300E034E4 /* MathTools.swift in Sources */ = {isa = PBXBuildFile; fileRef = 3C3B3E9F237C991300E034E4 /* MathTools.swift */; };
		3C3B3EA2237C991F00E034E4 /* Factorization.swift in Sources */ = {isa = PBXBuildFile; fileRef = 3C3B3EA1237C991F00E034E4 /* Factorization.swift */; };
		3C3B3EA5237C996100E034E4 /* MathToolsTests.swift in Sources */ = {isa = PBXBuildFile; fileRef = 3C3B3EA3237C996000E034E4 /* MathToolsTests.swift */; };
		3C3B3EA6237C996100E034E4 /* StringToolsTests.swift in Sources */ = {isa = PBXBuildFile; fileRef = 3C3B3EA4237C996100E034E4 /* StringToolsTests.swift */; };
/* End PBXBuildFile section */

/* Begin PBXContainerItemProxy section */
		3C3B3E8E237C98DB00E034E4 /* PBXContainerItemProxy */ = {
			isa = PBXContainerItemProxy;
			containerPortal = 3C3B3E7A237C98DB00E034E4 /* Project object */;
			proxyType = 1;
			remoteGlobalIDString = 3C3B3E82237C98DB00E034E4;
			remoteInfo = HelloSwift;
		};
/* End PBXContainerItemProxy section */

/* Begin PBXFileReference section */
		3C3B3E83237C98DB00E034E4 /* HelloSwift.framework */ = {isa = PBXFileReference; explicitFileType = wrapper.framework; includeInIndex = 0; path = HelloSwift.framework; sourceTree = BUILT_PRODUCTS_DIR; };
		3C3B3E86237C98DB00E034E4 /* HelloSwift.h */ = {isa = PBXFileReference; lastKnownFileType = sourcecode.c.h; path = HelloSwift.h; sourceTree = "<group>"; };
		3C3B3E87237C98DB00E034E4 /* Info.plist */ = {isa = PBXFileReference; lastKnownFileType = text.plist.xml; path = Info.plist; sourceTree = "<group>"; };
		3C3B3E8C237C98DB00E034E4 /* HelloSwiftTests.xctest */ = {isa = PBXFileReference; explicitFileType = wrapper.cfbundle; includeInIndex = 0; path = HelloSwiftTests.xctest; sourceTree = BUILT_PRODUCTS_DIR; };
		3C3B3E91237C98DB00E034E4 /* HelloSwiftTests.swift */ = {isa = PBXFileReference; lastKnownFileType = sourcecode.swift; path = HelloSwiftTests.swift; sourceTree = "<group>"; };
		3C3B3E93237C98DB00E034E4 /* Info.plist */ = {isa = PBXFileReference; lastKnownFileType = text.plist.xml; path = Info.plist; sourceTree = "<group>"; };
		3C3B3E9D237C990200E034E4 /* StringTools.swift */ = {isa = PBXFileReference; lastKnownFileType = sourcecode.swift; path = StringTools.swift; sourceTree = "<group>"; };
		3C3B3E9F237C991300E034E4 /* MathTools.swift */ = {isa = PBXFileReference; lastKnownFileType = sourcecode.swift; path = MathTools.swift; sourceTree = "<group>"; };
		3C3B3EA1237C991F00E034E4 /* Factorization.swift */ = {isa = PBXFileReference; lastKnownFileType = sourcecode.swift; path = Factorization.swift; sourceTree = "<group>"; };
		3C3B3EA3237C996000E034E4 /* MathToolsTests.swift */ = {isa = PBXFileReference; fileEncoding = 4; lastKnownFileType = sourcecode.swift; name = MathToolsTests.swift; path = ../../assets/MathToolsTests.swift; sourceTree = "<group>"; };
		3C3B3EA4237C996100E034E4 /* StringToolsTests.swift */ = {isa = PBXFileReference; fileEncoding = 4; lastKnownFileType = sourcecode.swift; name = StringToolsTests.swift; path = ../../assets/StringToolsTests.swift; sourceTree = "<group>"; };
/* End PBXFileReference section */

/* Begin PBXFrameworksBuildPhase section */
		3C3B3E80237C98DB00E034E4 /* Frameworks */ = {
			isa = PBXFrameworksBuildPhase;
			buildActionMask = 2147483647;
			files = (
			);
			runOnlyForDeploymentPostprocessing = 0;
		};
		3C3B3E89237C98DB00E034E4 /* Frameworks */ = {
			isa = PBXFrameworksBuildPhase;
			buildActionMask = 2147483647;
			files = (
				3C3B3E8D237C98DB00E034E4 /* HelloSwift.framework in Frameworks */,
			);
			runOnlyForDeploymentPostprocessing = 0;
		};
/* End PBXFrameworksBuildPhase section */

/* Begin PBXGroup section */
		3C3B3E79237C98DB00E034E4 = {
			isa = PBXGroup;
			children = (
				3C3B3E85237C98DB00E034E4 /* HelloSwift */,
				3C3B3E90237C98DB00E034E4 /* HelloSwiftTests */,
				3C3B3E84237C98DB00E034E4 /* Products */,
			);
			sourceTree = "<group>";
		};
		3C3B3E84237C98DB00E034E4 /* Products */ = {
			isa = PBXGroup;
			children = (
				3C3B3E83237C98DB00E034E4 /* HelloSwift.framework */,
				3C3B3E8C237C98DB00E034E4 /* HelloSwiftTests.xctest */,
			);
			name = Products;
			sourceTree = "<group>";
		};
		3C3B3E85237C98DB00E034E4 /* HelloSwift */ = {
			isa = PBXGroup;
			children = (
				3C3B3E86237C98DB00E034E4 /* HelloSwift.h */,
				3C3B3E87237C98DB00E034E4 /* Info.plist */,
				3C3B3E9D237C990200E034E4 /* StringTools.swift */,
				3C3B3E9F237C991300E034E4 /* MathTools.swift */,
				3C3B3EA1237C991F00E034E4 /* Factorization.swift */,
			);
			path = HelloSwift;
			sourceTree = "<group>";
		};
		3C3B3E90237C98DB00E034E4 /* HelloSwiftTests */ = {
			isa = PBXGroup;
			children = (
				3C3B3EA3237C996000E034E4 /* MathToolsTests.swift */,
				3C3B3EA4237C996100E034E4 /* StringToolsTests.swift */,
				3C3B3E91237C98DB00E034E4 /* HelloSwiftTests.swift */,
				3C3B3E93237C98DB00E034E4 /* Info.plist */,
			);
			path = HelloSwiftTests;
			sourceTree = "<group>";
		};
/* End PBXGroup section */

/* Begin PBXHeadersBuildPhase section */
		3C3B3E7E237C98DB00E034E4 /* Headers */ = {
			isa = PBXHeadersBuildPhase;
			buildActionMask = 2147483647;
			files = (
				3C3B3E94237C98DB00E034E4 /* HelloSwift.h in Headers */,
			);
			runOnlyForDeploymentPostprocessing = 0;
		};
/* End PBXHeadersBuildPhase section */

/* Begin PBXNativeTarget section */
		3C3B3E82237C98DB00E034E4 /* HelloSwift */ = {
			isa = PBXNativeTarget;
			buildConfigurationList = 3C3B3E97237C98DB00E034E4 /* Build configuration list for PBXNativeTarget "HelloSwift" */;
			buildPhases = (
				3C3B3E7E237C98DB00E034E4 /* Headers */,
				3C3B3E7F237C98DB00E034E4 /* Sources */,
				3C3B3E80237C98DB00E034E4 /* Frameworks */,
				3C3B3E81237C98DB00E034E4 /* Resources */,
			);
			buildRules = (
			);
			dependencies = (
			);
			name = HelloSwift;
			productName = HelloSwift;
			productReference = 3C3B3E83237C98DB00E034E4 /* HelloSwift.framework */;
			productType = "com.apple.product-type.framework";
		};
		3C3B3E8B237C98DB00E034E4 /* HelloSwiftTests */ = {
			isa = PBXNativeTarget;
			buildConfigurationList = 3C3B3E9A237C98DB00E034E4 /* Build configuration list for PBXNativeTarget "HelloSwiftTests" */;
			buildPhases = (
				3C3B3E88237C98DB00E034E4 /* Sources */,
				3C3B3E89237C98DB00E034E4 /* Frameworks */,
				3C3B3E8A237C98DB00E034E4 /* Resources */,
			);
			buildRules = (
			);
			dependencies = (
				3C3B3E8F237C98DB00E034E4 /* PBXTargetDependency */,
			);
			name = HelloSwiftTests;
			productName = HelloSwiftTests;
			productReference = 3C3B3E8C237C98DB00E034E4 /* HelloSwiftTests.xctest */;
			productType = "com.apple.product-type.bundle.unit-test";
		};
/* End PBXNativeTarget section */

/* Begin PBXProject section */
		3C3B3E7A237C98DB00E034E4 /* Project object */ = {
			isa = PBXProject;
			attributes = {
				LastSwiftUpdateCheck = 1120;
				LastUpgradeCheck = 1120;
				ORGANIZATIONNAME = "Krystian Duma";
				TargetAttributes = {
					3C3B3E82237C98DB00E034E4 = {
						CreatedOnToolsVersion = 11.2;
						LastSwiftMigration = 1120;
					};
					3C3B3E8B237C98DB00E034E4 = {
						CreatedOnToolsVersion = 11.2;
					};
				};
			};
			buildConfigurationList = 3C3B3E7D237C98DB00E034E4 /* Build configuration list for PBXProject "HelloSwift" */;
			compatibilityVersion = "Xcode 9.3";
			developmentRegion = en;
			hasScannedForEncodings = 0;
			knownRegions = (
				en,
				Base,
			);
			mainGroup = 3C3B3E79237C98DB00E034E4;
			productRefGroup = 3C3B3E84237C98DB00E034E4 /* Products */;
			projectDirPath = "";
			projectRoot = "";
			targets = (
				3C3B3E82237C98DB00E034E4 /* HelloSwift */,
				3C3B3E8B237C98DB00E034E4 /* HelloSwiftTests */,
			);
		};
/* End PBXProject section */

/* Begin PBXResourcesBuildPhase section */
		3C3B3E81237C98DB00E034E4 /* Resources */ = {
			isa = PBXResourcesBuildPhase;
			buildActionMask = 2147483647;
			files = (
			);
			runOnlyForDeploymentPostprocessing = 0;
		};
		3C3B3E8A237C98DB00E034E4 /* Resources */ = {
			isa = PBXResourcesBuildPhase;
			buildActionMask = 2147483647;
			files = (
			);
			runOnlyForDeploymentPostprocessing = 0;
		};
/* End PBXResourcesBuildPhase section */

/* Begin PBXSourcesBuildPhase section */
		3C3B3E7F237C98DB00E034E4 /* Sources */ = {
			isa = PBXSourcesBuildPhase;
			buildActionMask = 2147483647;
			files = (
				3C3B3E9E237C990200E034E4 /* StringTools.swift in Sources */,
				3C3B3EA2237C991F00E034E4 /* Factorization.swift in Sources */,
				3C3B3EA0237C991300E034E4 /* MathTools.swift in Sources */,
			);
			runOnlyForDeploymentPostprocessing = 0;
		};
		3C3B3E88237C98DB00E034E4 /* Sources */ = {
			isa = PBXSourcesBuildPhase;
			buildActionMask = 2147483647;
			files = (
				3C3B3E92237C98DB00E034E4 /* HelloSwiftTests.swift in Sources */,
				3C3B3EA5237C996100E034E4 /* MathToolsTests.swift in Sources */,
				3C3B3EA6237C996100E034E4 /* StringToolsTests.swift in Sources */,
			);
			runOnlyForDeploymentPostprocessing = 0;
		};
/* End PBXSourcesBuildPhase section */

/* Begin PBXTargetDependency section */
		3C3B3E8F237C98DB00E034E4 /* PBXTargetDependency */ = {
			isa = PBXTargetDependency;
			target = 3C3B3E82237C98DB00E034E4 /* HelloSwift */;
			targetProxy = 3C3B3E8E237C98DB00E034E4 /* PBXContainerItemProxy */;
		};
/* End PBXTargetDependency section */

/* Begin XCBuildConfiguration section */
		3C3B3E95237C98DB00E034E4 /* Debug */ = {
			isa = XCBuildConfiguration;
			buildSettings = {
				ALWAYS_SEARCH_USER_PATHS = NO;
				CLANG_ANALYZER_NONNULL = YES;
				CLANG_ANALYZER_NUMBER_OBJECT_CONVERSION = YES_AGGRESSIVE;
				CLANG_CXX_LANGUAGE_STANDARD = "gnu++14";
				CLANG_CXX_LIBRARY = "libc++";
				CLANG_ENABLE_MODULES = YES;
				CLANG_ENABLE_OBJC_ARC = YES;
				CLANG_ENABLE_OBJC_WEAK = YES;
				CLANG_WARN_BLOCK_CAPTURE_AUTORELEASING = YES;
				CLANG_WARN_BOOL_CONVERSION = YES;
				CLANG_WARN_COMMA = YES;
				CLANG_WARN_CONSTANT_CONVERSION = YES;
				CLANG_WARN_DEPRECATED_OBJC_IMPLEMENTATIONS = YES;
				CLANG_WARN_DIRECT_OBJC_ISA_USAGE = YES_ERROR;
				CLANG_WARN_DOCUMENTATION_COMMENTS = YES;
				CLANG_WARN_EMPTY_BODY = YES;
				CLANG_WARN_ENUM_CONVERSION = YES;
				CLANG_WARN_INFINITE_RECURSION = YES;
				CLANG_WARN_INT_CONVERSION = YES;
				CLANG_WARN_NON_LITERAL_NULL_CONVERSION = YES;
				CLANG_WARN_OBJC_IMPLICIT_RETAIN_SELF = YES;
				CLANG_WARN_OBJC_LITERAL_CONVERSION = YES;
				CLANG_WARN_OBJC_ROOT_CLASS = YES_ERROR;
				CLANG_WARN_RANGE_LOOP_ANALYSIS = YES;
				CLANG_WARN_STRICT_PROTOTYPES = YES;
				CLANG_WARN_SUSPICIOUS_MOVE = YES;
				CLANG_WARN_UNGUARDED_AVAILABILITY = YES_AGGRESSIVE;
				CLANG_WARN_UNREACHABLE_CODE = YES;
				CLANG_WARN__DUPLICATE_METHOD_MATCH = YES;
				COPY_PHASE_STRIP = NO;
				CURRENT_PROJECT_VERSION = 1;
				DEBUG_INFORMATION_FORMAT = dwarf;
				ENABLE_STRICT_OBJC_MSGSEND = YES;
				ENABLE_TESTABILITY = YES;
				GCC_C_LANGUAGE_STANDARD = gnu11;
				GCC_DYNAMIC_NO_PIC = NO;
				GCC_NO_COMMON_BLOCKS = YES;
				GCC_OPTIMIZATION_LEVEL = 0;
				GCC_PREPROCESSOR_DEFINITIONS = (
					"DEBUG=1",
					"$(inherited)",
				);
				GCC_WARN_64_TO_32_BIT_CONVERSION = YES;
				GCC_WARN_ABOUT_RETURN_TYPE = YES_ERROR;
				GCC_WARN_UNDECLARED_SELECTOR = YES;
				GCC_WARN_UNINITIALIZED_AUTOS = YES_AGGRESSIVE;
				GCC_WARN_UNUSED_FUNCTION = YES;
				GCC_WARN_UNUSED_VARIABLE = YES;
				IPHONEOS_DEPLOYMENT_TARGET = 13.2;
				MTL_ENABLE_DEBUG_INFO = INCLUDE_SOURCE;
				MTL_FAST_MATH = YES;
				ONLY_ACTIVE_ARCH = YES;
				SDKROOT = iphoneos;
				SWIFT_ACTIVE_COMPILATION_CONDITIONS = DEBUG;
				SWIFT_OPTIMIZATION_LEVEL = "-Onone";
				VERSIONING_SYSTEM = "apple-generic";
				VERSION_INFO_PREFIX = "";
			};
			name = Debug;
		};
		3C3B3E96237C98DB00E034E4 /* Release */ = {
			isa = XCBuildConfiguration;
			buildSettings = {
				ALWAYS_SEARCH_USER_PATHS = NO;
				CLANG_ANALYZER_NONNULL = YES;
				CLANG_ANALYZER_NUMBER_OBJECT_CONVERSION = YES_AGGRESSIVE;
				CLANG_CXX_LANGUAGE_STANDARD = "gnu++14";
				CLANG_CXX_LIBRARY = "libc++";
				CLANG_ENABLE_MODULES = YES;
				CLANG_ENABLE_OBJC_ARC = YES;
				CLANG_ENABLE_OBJC_WEAK = YES;
				CLANG_WARN_BLOCK_CAPTURE_AUTORELEASING = YES;
				CLANG_WARN_BOOL_CONVERSION = YES;
				CLANG_WARN_COMMA = YES;
				CLANG_WARN_CONSTANT_CONVERSION = YES;
				CLANG_WARN_DEPRECATED_OBJC_IMPLEMENTATIONS = YES;
				CLANG_WARN_DIRECT_OBJC_ISA_USAGE = YES_ERROR;
				CLANG_WARN_DOCUMENTATION_COMMENTS = YES;
				CLANG_WARN_EMPTY_BODY = YES;
				CLANG_WARN_ENUM_CONVERSION = YES;
				CLANG_WARN_INFINITE_RECURSION = YES;
				CLANG_WARN_INT_CONVERSION = YES;
				CLANG_WARN_NON_LITERAL_NULL_CONVERSION = YES;
				CLANG_WARN_OBJC_IMPLICIT_RETAIN_SELF = YES;
				CLANG_WARN_OBJC_LITERAL_CONVERSION = YES;
				CLANG_WARN_OBJC_ROOT_CLASS = YES_ERROR;
				CLANG_WARN_RANGE_LOOP_ANALYSIS = YES;
				CLANG_WARN_STRICT_PROTOTYPES = YES;
				CLANG_WARN_SUSPICIOUS_MOVE = YES;
				CLANG_WARN_UNGUARDED_AVAILABILITY = YES_AGGRESSIVE;
				CLANG_WARN_UNREACHABLE_CODE = YES;
				CLANG_WARN__DUPLICATE_METHOD_MATCH = YES;
				COPY_PHASE_STRIP = NO;
				CURRENT_PROJECT_VERSION = 1;
				DEBUG_INFORMATION_FORMAT = "dwarf-with-dsym";
				ENABLE_NS_ASSERTIONS = NO;
				ENABLE_STRICT_OBJC_MSGSEND = YES;
				GCC_C_LANGUAGE_STANDARD = gnu11;
				GCC_NO_COMMON_BLOCKS = YES;
				GCC_WARN_64_TO_32_BIT_CONVERSION = YES;
				GCC_WARN_ABOUT_RETURN_TYPE = YES_ERROR;
				GCC_WARN_UNDECLARED_SELECTOR = YES;
				GCC_WARN_UNINITIALIZED_AUTOS = YES_AGGRESSIVE;
				GCC_WARN_UNUSED_FUNCTION = YES;
				GCC_WARN_UNUSED_VARIABLE = YES;
				IPHONEOS_DEPLOYMENT_TARGET = 13.2;
				MTL_ENABLE_DEBUG_INFO = NO;
				MTL_FAST_MATH = YES;
				SDKROOT = iphoneos;
				SWIFT_COMPILATION_MODE = wholemodule;
				SWIFT_OPTIMIZATION_LEVEL = "-O";
				VALIDATE_PRODUCT = YES;
				VERSIONING_SYSTEM = "apple-generic";
				VERSION_INFO_PREFIX = "";
			};
			name = Release;
		};
		3C3B3E98237C98DB00E034E4 /* Debug */ = {
			isa = XCBuildConfiguration;
			buildSettings = {
				CLANG_ENABLE_MODULES = YES;
				CODE_SIGN_STYLE = Automatic;
				DEFINES_MODULE = YES;
				DEVELOPMENT_TEAM = H6959U52KF;
				DYLIB_COMPATIBILITY_VERSION = 1;
				DYLIB_CURRENT_VERSION = 1;
				DYLIB_INSTALL_NAME_BASE = "@rpath";
				INFOPLIST_FILE = HelloSwift/Info.plist;
				INSTALL_PATH = "$(LOCAL_LIBRARY_DIR)/Frameworks";
				LD_RUNPATH_SEARCH_PATHS = (
					"$(inherited)",
					"@executable_path/Frameworks",
					"@loader_path/Frameworks",
				);
				PRODUCT_BUNDLE_IDENTIFIER = dev.duma.HelloSwift;
				PRODUCT_NAME = "$(TARGET_NAME:c99extidentifier)";
				SKIP_INSTALL = YES;
				SWIFT_OPTIMIZATION_LEVEL = "-Onone";
				SWIFT_VERSION = 5.0;
				TARGETED_DEVICE_FAMILY = "1,2";
			};
			name = Debug;
		};
		3C3B3E99237C98DB00E034E4 /* Release */ = {
			isa = XCBuildConfiguration;
			buildSettings = {
				CLANG_ENABLE_MODULES = YES;
				CODE_SIGN_STYLE = Automatic;
				DEFINES_MODULE = YES;
				DEVELOPMENT_TEAM = H6959U52KF;
				DYLIB_COMPATIBILITY_VERSION = 1;
				DYLIB_CURRENT_VERSION = 1;
				DYLIB_INSTALL_NAME_BASE = "@rpath";
				INFOPLIST_FILE = HelloSwift/Info.plist;
				INSTALL_PATH = "$(LOCAL_LIBRARY_DIR)/Frameworks";
				LD_RUNPATH_SEARCH_PATHS = (
					"$(inherited)",
					"@executable_path/Frameworks",
					"@loader_path/Frameworks",
				);
				PRODUCT_BUNDLE_IDENTIFIER = dev.duma.HelloSwift;
				PRODUCT_NAME = "$(TARGET_NAME:c99extidentifier)";
				SKIP_INSTALL = YES;
				SWIFT_VERSION = 5.0;
				TARGETED_DEVICE_FAMILY = "1,2";
			};
			name = Release;
		};
		3C3B3E9B237C98DB00E034E4 /* Debug */ = {
			isa = XCBuildConfiguration;
			buildSettings = {
				ALWAYS_EMBED_SWIFT_STANDARD_LIBRARIES = YES;
				CODE_SIGN_STYLE = Automatic;
				DEVELOPMENT_TEAM = H6959U52KF;
				INFOPLIST_FILE = HelloSwiftTests/Info.plist;
				LD_RUNPATH_SEARCH_PATHS = (
					"$(inherited)",
					"@executable_path/Frameworks",
					"@loader_path/Frameworks",
				);
				PRODUCT_BUNDLE_IDENTIFIER = dev.duma.HelloSwiftTests;
				PRODUCT_NAME = "$(TARGET_NAME)";
				SWIFT_VERSION = 5.0;
				TARGETED_DEVICE_FAMILY = "1,2";
			};
			name = Debug;
		};
		3C3B3E9C237C98DB00E034E4 /* Release */ = {
			isa = XCBuildConfiguration;
			buildSettings = {
				ALWAYS_EMBED_SWIFT_STANDARD_LIBRARIES = YES;
				CODE_SIGN_STYLE = Automatic;
				DEVELOPMENT_TEAM = H6959U52KF;
				INFOPLIST_FILE = HelloSwiftTests/Info.plist;
				LD_RUNPATH_SEARCH_PATHS = (
					"$(inherited)",
					"@executable_path/Frameworks",
					"@loader_path/Frameworks",
				);
				PRODUCT_BUNDLE_IDENTIFIER = dev.duma.HelloSwiftTests;
				PRODUCT_NAME = "$(TARGET_NAME)";
				SWIFT_VERSION = 5.0;
				TARGETED_DEVICE_FAMILY = "1,2";
			};
			name = Release;
		};
/* End XCBuildConfiguration section */

/* Begin XCConfigurationList section */
		3C3B3E7D237C98DB00E034E4 /* Build configuration list for PBXProject "HelloSwift" */ = {
			isa = XCConfigurationList;
			buildConfigurations = (
				3C3B3E95237C98DB00E034E4 /* Debug */,
				3C3B3E96237C98DB00E034E4 /* Release */,
			);
			defaultConfigurationIsVisible = 0;
			defaultConfigurationName = Release;
		};
		3C3B3E97237C98DB00E034E4 /* Build configuration list for PBXNativeTarget "HelloSwift" */ = {
			isa = XCConfigurationList;
			buildConfigurations = (
				3C3B3E98237C98DB00E034E4 /* Debug */,
				3C3B3E99237C98DB00E034E4 /* Release */,
			);
			defaultConfigurationIsVisible = 0;
			defaultConfigurationName = Release;
		};
		3C3B3E9A237C98DB00E034E4 /* Build configuration list for PBXNativeTarget "HelloSwiftTests" */ = {
			isa = XCConfigurationList;
			buildConfigurations = (
				3C3B3E9B237C98DB00E034E4 /* Debug */,
				3C3B3E9C237C98DB00E034E4 /* Release */,
			);
			defaultConfigurationIsVisible = 0;
			defaultConfigurationName = Release;
		};
/* End XCConfigurationList section */
	};
	rootObject = 3C3B3E7A237C98DB00E034E4 /* Project object */;
}
